
Microsoft Visual Studio Solution File, Format Version 12.00
# Visual Studio Version 17
VisualStudioVersion = 17.14.36301.6
MinimumVisualStudioVersion = 10.0.40219.1
Project("{FAE04EC0-301F-11D3-BF4B-00C04F79EFBC}") = "Урок 6 DZ", "Урок 6 DZ.csproj", "{7F4F5438-2EA9-43CC-8FCA-89E90CB34D59}"
EndProject
Project("{FAE04EC0-301F-11D3-BF4B-00C04F79EFBC}") = "Урок 6 добавляем Conector", "..\Урок 6 добавляем Conector\Урок 6 добавляем Conector.csproj", "{D60968A9-F8AC-4C6F-8CAA-5037A296B4E2}"
EndProject
Global
	GlobalSection(SolutionConfigurationPlatforms) = preSolution
		Debug|Any CPU = Debug|Any CPU
		Release|Any CPU = Release|Any CPU
	EndGlobalSection
	GlobalSection(ProjectConfigurationPlatforms) = postSolution
		{7F4F5438-2EA9-43CC-8FCA-89E90CB34D59}.Debug|Any CPU.ActiveCfg = Debug|Any CPU
		{7F4F5438-2EA9-43CC-8FCA-89E90CB34D59}.Debug|Any CPU.Build.0 = Debug|Any CPU
		{7F4F5438-2EA9-43CC-8FCA-89E90CB34D59}.Release|Any CPU.ActiveCfg = Release|Any CPU
		{7F4F5438-2EA9-43CC-8FCA-89E90CB34D59}.Release|Any CPU.Build.0 = Release|Any CPU
		{D60968A9-F8AC-4C6F-8CAA-5037A296B4E2}.Debug|Any CPU.ActiveCfg = Debug|Any CPU
		{D60968A9-F8AC-4C6F-8CAA-5037A296B4E2}.Debug|Any CPU.Build.0 = Debug|Any CPU
		{D60968A9-F8AC-4C6F-8CAA-5037A296B4E2}.Release|Any CPU.ActiveCfg = Release|Any CPU
		{D60968A9-F8AC-4C6F-8CAA-5037A296B4E2}.Release|Any CPU.Build.0 = Release|Any CPU
	EndGlobalSection
	GlobalSection(SolutionProperties) = preSolution
		HideSolutionNode = FALSE
	EndGlobalSection
	GlobalSection(ExtensibilityGlobals) = postSolution
		SolutionGuid = {F4071462-C4D4-44A2-9A87-F44240B7B1EE}
	EndGlobalSection
EndGlobal
