
Microsoft Visual Studio Solution File, Format Version 12.00
# Visual Studio Version 17
VisualStudioVersion = 17.14.36408.4 d17.14
MinimumVisualStudioVersion = 10.0.40219.1
Project("{FAE04EC0-301F-11D3-BF4B-00C04F79EFBC}") = "WPF_MVVM", "WPF_MVVM.csproj", "{3BEC6FCF-867B-409D-8176-228DA0AB6800}"
EndProject
Global
	GlobalSection(SolutionConfigurationPlatforms) = preSolution
		Debug|Any CPU = Debug|Any CPU
		Release|Any CPU = Release|Any CPU
	EndGlobalSection
	GlobalSection(ProjectConfigurationPlatforms) = postSolution
		{3BEC6FCF-867B-409D-8176-228DA0AB6800}.Debug|Any CPU.ActiveCfg = Debug|Any CPU
		{3BEC6FCF-867B-409D-8176-228DA0AB6800}.Debug|Any CPU.Build.0 = Debug|Any CPU
		{3BEC6FCF-867B-409D-8176-228DA0AB6800}.Release|Any CPU.ActiveCfg = Release|Any CPU
		{3BEC6FCF-867B-409D-8176-228DA0AB6800}.Release|Any CPU.Build.0 = Release|Any CPU
	EndGlobalSection
	GlobalSection(SolutionProperties) = preSolution
		HideSolutionNode = FALSE
	EndGlobalSection
	GlobalSection(ExtensibilityGlobals) = postSolution
		SolutionGuid = {60627B83-CA0E-4FF9-8706-B345C160CB56}
	EndGlobalSection
EndGlobal
