
Microsoft Visual Studio Solution File, Format Version 12.00
# Visual Studio Version 17
VisualStudioVersion = 17.10.35122.118
MinimumVisualStudioVersion = 10.0.40219.1
Project("{FAE04EC0-301F-11D3-BF4B-00C04F79EFBC}") = "OsEngine", "OsEngine.csproj", "{D5B52FC8-875D-4CBF-886B-B71F8D556341}"
EndProject
Global
	GlobalSection(SolutionConfigurationPlatforms) = preSolution
		Debug|Any CPU = Debug|Any CPU
		Release|Any CPU = Release|Any CPU
	EndGlobalSection
	GlobalSection(ProjectConfigurationPlatforms) = postSolution
		{D5B52FC8-875D-4CBF-886B-B71F8D556341}.Debug|Any CPU.ActiveCfg = Debug|Any CPU
		{D5B52FC8-875D-4CBF-886B-B71F8D556341}.Debug|Any CPU.Build.0 = Debug|Any CPU
		{D5B52FC8-875D-4CBF-886B-B71F8D556341}.Release|Any CPU.ActiveCfg = Release|Any CPU
		{D5B52FC8-875D-4CBF-886B-B71F8D556341}.Release|Any CPU.Build.0 = Release|Any CPU
	EndGlobalSection
	GlobalSection(SolutionProperties) = preSolution
		HideSolutionNode = FALSE
	EndGlobalSection
	GlobalSection(ExtensibilityGlobals) = postSolution
		SolutionGuid = {96ADCF1B-D3AF-4784-9F46-46AD88AF69FE}
	EndGlobalSection
EndGlobal
