
Microsoft Visual Studio Solution File, Format Version 12.00
# Visual Studio Version 17
VisualStudioVersion = 17.8.34219.65
MinimumVisualStudioVersion = 10.0.40219.1
Project("{9A19103F-16F7-4668-BE54-9A1E7A4F7556}") = "ConsoleHome", "ConsoleHome.csproj", "{032F0BDB-5482-45FF-BB3B-45755ECF9637}"
EndProject
Project("{FAE04EC0-301F-11D3-BF4B-00C04F79EFBC}") = "WpfGridTest1", "..\WpfGridTest1\WpfGridTest1.csproj", "{DF09334D-8BE1-4C68-9D79-2D22F708B044}"
EndProject
Project("{FAE04EC0-301F-11D3-BF4B-00C04F79EFBC}") = "GridWPF1", "..\GridWPF1\GridWPF1.csproj", "{19938AD5-668A-4DD6-B9D5-DED477FFCF48}"
EndProject
Global
	GlobalSection(SolutionConfigurationPlatforms) = preSolution
		Debug|Any CPU = Debug|Any CPU
		Release|Any CPU = Release|Any CPU
	EndGlobalSection
	GlobalSection(ProjectConfigurationPlatforms) = postSolution
		{032F0BDB-5482-45FF-BB3B-45755ECF9637}.Debug|Any CPU.ActiveCfg = Debug|Any CPU
		{032F0BDB-5482-45FF-BB3B-45755ECF9637}.Debug|Any CPU.Build.0 = Debug|Any CPU
		{032F0BDB-5482-45FF-BB3B-45755ECF9637}.Release|Any CPU.ActiveCfg = Release|Any CPU
		{032F0BDB-5482-45FF-BB3B-45755ECF9637}.Release|Any CPU.Build.0 = Release|Any CPU
		{DF09334D-8BE1-4C68-9D79-2D22F708B044}.Debug|Any CPU.ActiveCfg = Debug|Any CPU
		{DF09334D-8BE1-4C68-9D79-2D22F708B044}.Debug|Any CPU.Build.0 = Debug|Any CPU
		{DF09334D-8BE1-4C68-9D79-2D22F708B044}.Release|Any CPU.ActiveCfg = Release|Any CPU
		{DF09334D-8BE1-4C68-9D79-2D22F708B044}.Release|Any CPU.Build.0 = Release|Any CPU
		{19938AD5-668A-4DD6-B9D5-DED477FFCF48}.Debug|Any CPU.ActiveCfg = Debug|Any CPU
		{19938AD5-668A-4DD6-B9D5-DED477FFCF48}.Debug|Any CPU.Build.0 = Debug|Any CPU
		{19938AD5-668A-4DD6-B9D5-DED477FFCF48}.Release|Any CPU.ActiveCfg = Release|Any CPU
		{19938AD5-668A-4DD6-B9D5-DED477FFCF48}.Release|Any CPU.Build.0 = Release|Any CPU
	EndGlobalSection
	GlobalSection(SolutionProperties) = preSolution
		HideSolutionNode = FALSE
	EndGlobalSection
	GlobalSection(ExtensibilityGlobals) = postSolution
		SolutionGuid = {B712399D-28FD-4A53-94F3-82EE0150249F}
	EndGlobalSection
EndGlobal
