
Microsoft Visual Studio Solution File, Format Version 12.00
# Visual Studio Version 18
VisualStudioVersion = 18.0.11217.181
MinimumVisualStudioVersion = 10.0.40219.1
Project("{FAE04EC0-301F-11D3-BF4B-00C04F79EFBC}") = "MyConsole", "..\MyConsole\MyConsole.csproj", "{BAE9FC11-1011-401C-B168-5036DF21B4C1}"
EndProject
Project("{FAE04EC0-301F-11D3-BF4B-00C04F79EFBC}") = "MyTestWPF", "E:\RobotLua\MyTestWPF\MyTestWPF.csproj", "{04215147-1F0C-40D2-A44D-FD8E8371BE31}"
EndProject
Global
	GlobalSection(SolutionConfigurationPlatforms) = preSolution
		Debug|Any CPU = Debug|Any CPU
		Release|Any CPU = Release|Any CPU
	EndGlobalSection
	GlobalSection(ProjectConfigurationPlatforms) = postSolution
		{BAE9FC11-1011-401C-B168-5036DF21B4C1}.Debug|Any CPU.ActiveCfg = Debug|Any CPU
		{BAE9FC11-1011-401C-B168-5036DF21B4C1}.Debug|Any CPU.Build.0 = Debug|Any CPU
		{BAE9FC11-1011-401C-B168-5036DF21B4C1}.Release|Any CPU.ActiveCfg = Release|Any CPU
		{BAE9FC11-1011-401C-B168-5036DF21B4C1}.Release|Any CPU.Build.0 = Release|Any CPU
		{04215147-1F0C-40D2-A44D-FD8E8371BE31}.Debug|Any CPU.ActiveCfg = Debug|Any CPU
		{04215147-1F0C-40D2-A44D-FD8E8371BE31}.Debug|Any CPU.Build.0 = Debug|Any CPU
		{04215147-1F0C-40D2-A44D-FD8E8371BE31}.Release|Any CPU.ActiveCfg = Release|Any CPU
		{04215147-1F0C-40D2-A44D-FD8E8371BE31}.Release|Any CPU.Build.0 = Release|Any CPU
	EndGlobalSection
	GlobalSection(SolutionProperties) = preSolution
		HideSolutionNode = FALSE
	EndGlobalSection
	GlobalSection(ExtensibilityGlobals) = postSolution
		SolutionGuid = {B712399D-28FD-4A53-94F3-82EE0150249F}
	EndGlobalSection
EndGlobal
